// !$*UTF8*$!
{
	archiveVersion = 1;
	classes = {
	};
	objectVersion = 56;
	objects = {

/* Begin PBXBuildFile section */
		2B041D8B29F30AA2005127C7 /* CryptoVaultApp.swift in Sources */ = {isa = PBXBuildFile; fileRef = 2B041D8A29F30AA2005127C7 /* CryptoVaultApp.swift */; };
		2B041D8F29F30AA4005127C7 /* Assets.xcassets in Resources */ = {isa = PBXBuildFile; fileRef = 2B041D8E29F30AA4005127C7 /* Assets.xcassets */; };
		2B041D9229F30AA4005127C7 /* Preview Assets.xcassets in Resources */ = {isa = PBXBuildFile; fileRef = 2B041D9129F30AA4005127C7 /* Preview Assets.xcassets */; };
		2B041D9C29F30AA4005127C7 /* CryptoVaultTests.swift in Sources */ = {isa = PBXBuildFile; fileRef = 2B041D9B29F30AA4005127C7 /* CryptoVaultTests.swift */; };
		2B041DA629F30AA4005127C7 /* CryptoVaultUITests.swift in Sources */ = {isa = PBXBuildFile; fileRef = 2B041DA529F30AA4005127C7 /* CryptoVaultUITests.swift */; };
		2B041DA829F30AA4005127C7 /* CryptoVaultUITestsLaunchTests.swift in Sources */ = {isa = PBXBuildFile; fileRef = 2B041DA729F30AA4005127C7 /* CryptoVaultUITestsLaunchTests.swift */; };
		2B041DB829F30FEA005127C7 /* SplashUIView.swift in Sources */ = {isa = PBXBuildFile; fileRef = 2B041DB729F30FEA005127C7 /* SplashUIView.swift */; };
		2B041DBB29F310D6005127C7 /* Kingfisher in Frameworks */ = {isa = PBXBuildFile; productRef = 2B041DBA29F310D6005127C7 /* Kingfisher */; };
		2B041DBE29F310E7005127C7 /* Alamofire in Frameworks */ = {isa = PBXBuildFile; productRef = 2B041DBD29F310E7005127C7 /* Alamofire */; };
		2B041DC429F31159005127C7 /* NetworkErrorModel.swift in Sources */ = {isa = PBXBuildFile; fileRef = 2B041DC329F31159005127C7 /* NetworkErrorModel.swift */; };
		2B041DC629F31190005127C7 /* Service.swift in Sources */ = {isa = PBXBuildFile; fileRef = 2B041DC529F31190005127C7 /* Service.swift */; };
		2B041DC929F3124D005127C7 /* anim_splashcrypto.json in Resources */ = {isa = PBXBuildFile; fileRef = 2B041DC829F3124D005127C7 /* anim_splashcrypto.json */; };
		2B041DCC29F312CF005127C7 /* LottieView.swift in Sources */ = {isa = PBXBuildFile; fileRef = 2B041DCB29F312CF005127C7 /* LottieView.swift */; };
		2B041DD229F3149B005127C7 /* Lottie in Frameworks */ = {isa = PBXBuildFile; productRef = 2B041DD129F3149B005127C7 /* Lottie */; };
		2B041DD529F3165F005127C7 /* Library3amsoft.otf in Resources */ = {isa = PBXBuildFile; fileRef = 2B041DD429F3165F005127C7 /* Library3amsoft.otf */; };
		2B041DD829F31770005127C7 /* Extensions.swift in Sources */ = {isa = PBXBuildFile; fileRef = 2B041DD729F31770005127C7 /* Extensions.swift */; };
		2B041DDF29F31BB2005127C7 /* TabbarUIView.swift in Sources */ = {isa = PBXBuildFile; fileRef = 2B041DDE29F31BB2005127C7 /* TabbarUIView.swift */; };
		2B041DE129F31C25005127C7 /* HomePage.swift in Sources */ = {isa = PBXBuildFile; fileRef = 2B041DE029F31C25005127C7 /* HomePage.swift */; };
		2B041DE329F31CF0005127C7 /* NewsPage.swift in Sources */ = {isa = PBXBuildFile; fileRef = 2B041DE229F31CF0005127C7 /* NewsPage.swift */; };
		2B041DE529F31CFD005127C7 /* FavoritesPage.swift in Sources */ = {isa = PBXBuildFile; fileRef = 2B041DE429F31CFD005127C7 /* FavoritesPage.swift */; };
		2B041DE729F31D08005127C7 /* InfoPage.swift in Sources */ = {isa = PBXBuildFile; fileRef = 2B041DE629F31D08005127C7 /* InfoPage.swift */; };
		2B3B789929F73FC900FB3AEB /* NewsModel.swift in Sources */ = {isa = PBXBuildFile; fileRef = 2B3B789829F73FC900FB3AEB /* NewsModel.swift */; };
		2B3B789B29F741C800FB3AEB /* NewsViewModel.swift in Sources */ = {isa = PBXBuildFile; fileRef = 2B3B789A29F741C800FB3AEB /* NewsViewModel.swift */; };
		2B3B789D29F7529800FB3AEB /* Languages.swift in Sources */ = {isa = PBXBuildFile; fileRef = 2B3B789C29F7529800FB3AEB /* Languages.swift */; };
		2B3B789F29F759F500FB3AEB /* Shimmering.swift in Sources */ = {isa = PBXBuildFile; fileRef = 2B3B789E29F759F500FB3AEB /* Shimmering.swift */; };
		2B3B78A129F75A2900FB3AEB /* RedactAndShimmerViewModifier.swift in Sources */ = {isa = PBXBuildFile; fileRef = 2B3B78A029F75A2900FB3AEB /* RedactAndShimmerViewModifier.swift */; };
		2B3B78A529F76FF500FB3AEB /* NewsDetailsPage.swift in Sources */ = {isa = PBXBuildFile; fileRef = 2B3B78A429F76FF500FB3AEB /* NewsDetailsPage.swift */; };
		2B3B78A729F7700D00FB3AEB /* NewsDetailsViewModel.swift in Sources */ = {isa = PBXBuildFile; fileRef = 2B3B78A629F7700D00FB3AEB /* NewsDetailsViewModel.swift */; };
		2B4C790729F42725007F7351 /* Constants.swift in Sources */ = {isa = PBXBuildFile; fileRef = 2B4C790629F42725007F7351 /* Constants.swift */; };
		2BAE02EE29F68EB100A8F977 /* WebView.swift in Sources */ = {isa = PBXBuildFile; fileRef = 2BAE02ED29F68EB100A8F977 /* WebView.swift */; };
		2BAE02F129F6905D00A8F977 /* WaterfallGrid in Frameworks */ = {isa = PBXBuildFile; productRef = 2BAE02F029F6905D00A8F977 /* WaterfallGrid */; };
		2BB4D65229F57EEC00BD1FCF /* CryptoMarketModel.swift in Sources */ = {isa = PBXBuildFile; fileRef = 2BB4D65129F57EEC00BD1FCF /* CryptoMarketModel.swift */; };
		2BB4D65429F580DC00BD1FCF /* Currencies.swift in Sources */ = {isa = PBXBuildFile; fileRef = 2BB4D65329F580DC00BD1FCF /* Currencies.swift */; };
		2BB4D65629F5828700BD1FCF /* HomeViewModel.swift in Sources */ = {isa = PBXBuildFile; fileRef = 2BB4D65529F5828700BD1FCF /* HomeViewModel.swift */; };
/* End PBXBuildFile section */

/* Begin PBXContainerItemProxy section */
		2B041D9829F30AA4005127C7 /* PBXContainerItemProxy */ = {
			isa = PBXContainerItemProxy;
			containerPortal = 2B041D7F29F30AA2005127C7 /* Project object */;
			proxyType = 1;
			remoteGlobalIDString = 2B041D8629F30AA2005127C7;
			remoteInfo = CryptoVault;
		};
		2B041DA229F30AA4005127C7 /* PBXContainerItemProxy */ = {
			isa = PBXContainerItemProxy;
			containerPortal = 2B041D7F29F30AA2005127C7 /* Project object */;
			proxyType = 1;
			remoteGlobalIDString = 2B041D8629F30AA2005127C7;
			remoteInfo = CryptoVault;
		};
/* End PBXContainerItemProxy section */

/* Begin PBXFileReference section */
		2B041D8729F30AA2005127C7 /* CryptoVault.app */ = {isa = PBXFileReference; explicitFileType = wrapper.application; includeInIndex = 0; path = CryptoVault.app; sourceTree = BUILT_PRODUCTS_DIR; };
		2B041D8A29F30AA2005127C7 /* CryptoVaultApp.swift */ = {isa = PBXFileReference; lastKnownFileType = sourcecode.swift; path = CryptoVaultApp.swift; sourceTree = "<group>"; };
		2B041D8E29F30AA4005127C7 /* Assets.xcassets */ = {isa = PBXFileReference; lastKnownFileType = folder.assetcatalog; path = Assets.xcassets; sourceTree = "<group>"; };
		2B041D9129F30AA4005127C7 /* Preview Assets.xcassets */ = {isa = PBXFileReference; lastKnownFileType = folder.assetcatalog; path = "Preview Assets.xcassets"; sourceTree = "<group>"; };
		2B041D9729F30AA4005127C7 /* CryptoVaultTests.xctest */ = {isa = PBXFileReference; explicitFileType = wrapper.cfbundle; includeInIndex = 0; path = CryptoVaultTests.xctest; sourceTree = BUILT_PRODUCTS_DIR; };
		2B041D9B29F30AA4005127C7 /* CryptoVaultTests.swift */ = {isa = PBXFileReference; lastKnownFileType = sourcecode.swift; path = CryptoVaultTests.swift; sourceTree = "<group>"; };
		2B041DA129F30AA4005127C7 /* CryptoVaultUITests.xctest */ = {isa = PBXFileReference; explicitFileType = wrapper.cfbundle; includeInIndex = 0; path = CryptoVaultUITests.xctest; sourceTree = BUILT_PRODUCTS_DIR; };
		2B041DA529F30AA4005127C7 /* CryptoVaultUITests.swift */ = {isa = PBXFileReference; lastKnownFileType = sourcecode.swift; path = CryptoVaultUITests.swift; sourceTree = "<group>"; };
		2B041DA729F30AA4005127C7 /* CryptoVaultUITestsLaunchTests.swift */ = {isa = PBXFileReference; lastKnownFileType = sourcecode.swift; path = CryptoVaultUITestsLaunchTests.swift; sourceTree = "<group>"; };
		2B041DB729F30FEA005127C7 /* SplashUIView.swift */ = {isa = PBXFileReference; lastKnownFileType = sourcecode.swift; path = SplashUIView.swift; sourceTree = "<group>"; };
		2B041DC329F31159005127C7 /* NetworkErrorModel.swift */ = {isa = PBXFileReference; lastKnownFileType = sourcecode.swift; path = NetworkErrorModel.swift; sourceTree = "<group>"; };
		2B041DC529F31190005127C7 /* Service.swift */ = {isa = PBXFileReference; lastKnownFileType = sourcecode.swift; path = Service.swift; sourceTree = "<group>"; };
		2B041DC829F3124D005127C7 /* anim_splashcrypto.json */ = {isa = PBXFileReference; fileEncoding = 4; lastKnownFileType = text.json; path = anim_splashcrypto.json; sourceTree = "<group>"; };
		2B041DCB29F312CF005127C7 /* LottieView.swift */ = {isa = PBXFileReference; lastKnownFileType = sourcecode.swift; path = LottieView.swift; sourceTree = "<group>"; };
		2B041DD429F3165F005127C7 /* Library3amsoft.otf */ = {isa = PBXFileReference; lastKnownFileType = file; path = Library3amsoft.otf; sourceTree = "<group>"; };
		2B041DD629F3166F005127C7 /* Info.plist */ = {isa = PBXFileReference; lastKnownFileType = text.plist; path = Info.plist; sourceTree = "<group>"; };
		2B041DD729F31770005127C7 /* Extensions.swift */ = {isa = PBXFileReference; lastKnownFileType = sourcecode.swift; path = Extensions.swift; sourceTree = "<group>"; };
		2B041DDE29F31BB2005127C7 /* TabbarUIView.swift */ = {isa = PBXFileReference; lastKnownFileType = sourcecode.swift; path = TabbarUIView.swift; sourceTree = "<group>"; };
		2B041DE029F31C25005127C7 /* HomePage.swift */ = {isa = PBXFileReference; lastKnownFileType = sourcecode.swift; path = HomePage.swift; sourceTree = "<group>"; };
		2B041DE229F31CF0005127C7 /* NewsPage.swift */ = {isa = PBXFileReference; lastKnownFileType = sourcecode.swift; path = NewsPage.swift; sourceTree = "<group>"; };
		2B041DE429F31CFD005127C7 /* FavoritesPage.swift */ = {isa = PBXFileReference; lastKnownFileType = sourcecode.swift; path = FavoritesPage.swift; sourceTree = "<group>"; };
		2B041DE629F31D08005127C7 /* InfoPage.swift */ = {isa = PBXFileReference; lastKnownFileType = sourcecode.swift; path = InfoPage.swift; sourceTree = "<group>"; };
		2B3B789829F73FC900FB3AEB /* NewsModel.swift */ = {isa = PBXFileReference; lastKnownFileType = sourcecode.swift; path = NewsModel.swift; sourceTree = "<group>"; };
		2B3B789A29F741C800FB3AEB /* NewsViewModel.swift */ = {isa = PBXFileReference; lastKnownFileType = sourcecode.swift; path = NewsViewModel.swift; sourceTree = "<group>"; };
		2B3B789C29F7529800FB3AEB /* Languages.swift */ = {isa = PBXFileReference; lastKnownFileType = sourcecode.swift; path = Languages.swift; sourceTree = "<group>"; };
		2B3B789E29F759F500FB3AEB /* Shimmering.swift */ = {isa = PBXFileReference; lastKnownFileType = sourcecode.swift; path = Shimmering.swift; sourceTree = "<group>"; };
		2B3B78A029F75A2900FB3AEB /* RedactAndShimmerViewModifier.swift */ = {isa = PBXFileReference; lastKnownFileType = sourcecode.swift; path = RedactAndShimmerViewModifier.swift; sourceTree = "<group>"; };
		2B3B78A429F76FF500FB3AEB /* NewsDetailsPage.swift */ = {isa = PBXFileReference; lastKnownFileType = sourcecode.swift; path = NewsDetailsPage.swift; sourceTree = "<group>"; };
		2B3B78A629F7700D00FB3AEB /* NewsDetailsViewModel.swift */ = {isa = PBXFileReference; lastKnownFileType = sourcecode.swift; path = NewsDetailsViewModel.swift; sourceTree = "<group>"; };
		2B4C790629F42725007F7351 /* Constants.swift */ = {isa = PBXFileReference; lastKnownFileType = sourcecode.swift; path = Constants.swift; sourceTree = "<group>"; };
		2BAE02ED29F68EB100A8F977 /* WebView.swift */ = {isa = PBXFileReference; lastKnownFileType = sourcecode.swift; path = WebView.swift; sourceTree = "<group>"; };
		2BB4D65129F57EEC00BD1FCF /* CryptoMarketModel.swift */ = {isa = PBXFileReference; lastKnownFileType = sourcecode.swift; path = CryptoMarketModel.swift; sourceTree = "<group>"; };
		2BB4D65329F580DC00BD1FCF /* Currencies.swift */ = {isa = PBXFileReference; lastKnownFileType = sourcecode.swift; path = Currencies.swift; sourceTree = "<group>"; };
		2BB4D65529F5828700BD1FCF /* HomeViewModel.swift */ = {isa = PBXFileReference; lastKnownFileType = sourcecode.swift; path = HomeViewModel.swift; sourceTree = "<group>"; };
/* End PBXFileReference section */

/* Begin PBXFrameworksBuildPhase section */
		2B041D8429F30AA2005127C7 /* Frameworks */ = {
			isa = PBXFrameworksBuildPhase;
			buildActionMask = 2147483647;
			files = (
				2B041DBB29F310D6005127C7 /* Kingfisher in Frameworks */,
				2BAE02F129F6905D00A8F977 /* WaterfallGrid in Frameworks */,
				2B041DBE29F310E7005127C7 /* Alamofire in Frameworks */,
				2B041DD229F3149B005127C7 /* Lottie in Frameworks */,
			);
			runOnlyForDeploymentPostprocessing = 0;
		};
		2B041D9429F30AA4005127C7 /* Frameworks */ = {
			isa = PBXFrameworksBuildPhase;
			buildActionMask = 2147483647;
			files = (
			);
			runOnlyForDeploymentPostprocessing = 0;
		};
		2B041D9E29F30AA4005127C7 /* Frameworks */ = {
			isa = PBXFrameworksBuildPhase;
			buildActionMask = 2147483647;
			files = (
			);
			runOnlyForDeploymentPostprocessing = 0;
		};
/* End PBXFrameworksBuildPhase section */

/* Begin PBXGroup section */
		2B041D7E29F30AA2005127C7 = {
			isa = PBXGroup;
			children = (
				2B041D8929F30AA2005127C7 /* CryptoVault */,
				2B041D9A29F30AA4005127C7 /* CryptoVaultTests */,
				2B041DA429F30AA4005127C7 /* CryptoVaultUITests */,
				2B041D8829F30AA2005127C7 /* Products */,
			);
			sourceTree = "<group>";
		};
		2B041D8829F30AA2005127C7 /* Products */ = {
			isa = PBXGroup;
			children = (
				2B041D8729F30AA2005127C7 /* CryptoVault.app */,
				2B041D9729F30AA4005127C7 /* CryptoVaultTests.xctest */,
				2B041DA129F30AA4005127C7 /* CryptoVaultUITests.xctest */,
			);
			name = Products;
			sourceTree = "<group>";
		};
		2B041D8929F30AA2005127C7 /* CryptoVault */ = {
			isa = PBXGroup;
			children = (
				2B041DD629F3166F005127C7 /* Info.plist */,
				2B041DD329F3161E005127C7 /* Fonts */,
				2B041DCA29F3129F005127C7 /* Util */,
				2B041DC729F3121A005127C7 /* Lotties */,
				2B041DC229F31142005127C7 /* Model */,
				2B041DB529F30FBC005127C7 /* View */,
				2B041DB429F30FAB005127C7 /* Remote */,
				2B041D8A29F30AA2005127C7 /* CryptoVaultApp.swift */,
				2B041D8E29F30AA4005127C7 /* Assets.xcassets */,
				2B041D9029F30AA4005127C7 /* Preview Content */,
			);
			path = CryptoVault;
			sourceTree = "<group>";
		};
		2B041D9029F30AA4005127C7 /* Preview Content */ = {
			isa = PBXGroup;
			children = (
				2B041D9129F30AA4005127C7 /* Preview Assets.xcassets */,
			);
			path = "Preview Content";
			sourceTree = "<group>";
		};
		2B041D9A29F30AA4005127C7 /* CryptoVaultTests */ = {
			isa = PBXGroup;
			children = (
				2B041D9B29F30AA4005127C7 /* CryptoVaultTests.swift */,
			);
			path = CryptoVaultTests;
			sourceTree = "<group>";
		};
		2B041DA429F30AA4005127C7 /* CryptoVaultUITests */ = {
			isa = PBXGroup;
			children = (
				2B041DA529F30AA4005127C7 /* CryptoVaultUITests.swift */,
				2B041DA729F30AA4005127C7 /* CryptoVaultUITestsLaunchTests.swift */,
			);
			path = CryptoVaultUITests;
			sourceTree = "<group>";
		};
		2B041DB429F30FAB005127C7 /* Remote */ = {
			isa = PBXGroup;
			children = (
				2B041DC529F31190005127C7 /* Service.swift */,
			);
			path = Remote;
			sourceTree = "<group>";
		};
		2B041DB529F30FBC005127C7 /* View */ = {
			isa = PBXGroup;
			children = (
				2B041DB629F30FC4005127C7 /* Splash */,
				2B041DD929F31B2F005127C7 /* Tabbar */,
				2B041DDD29F31B7C005127C7 /* Info */,
				2B041DDC29F31B6C005127C7 /* Favorites */,
				2B041DDB29F31B64005127C7 /* News */,
				2B041DDA29F31B5D005127C7 /* Home */,
			);
			path = View;
			sourceTree = "<group>";
		};
		2B041DB629F30FC4005127C7 /* Splash */ = {
			isa = PBXGroup;
			children = (
				2B041DB729F30FEA005127C7 /* SplashUIView.swift */,
			);
			path = Splash;
			sourceTree = "<group>";
		};
		2B041DC229F31142005127C7 /* Model */ = {
			isa = PBXGroup;
			children = (
				2B041DC329F31159005127C7 /* NetworkErrorModel.swift */,
				2BB4D65129F57EEC00BD1FCF /* CryptoMarketModel.swift */,
				2B3B789829F73FC900FB3AEB /* NewsModel.swift */,
			);
			path = Model;
			sourceTree = "<group>";
		};
		2B041DC729F3121A005127C7 /* Lotties */ = {
			isa = PBXGroup;
			children = (
				2B041DC829F3124D005127C7 /* anim_splashcrypto.json */,
			);
			path = Lotties;
			sourceTree = "<group>";
		};
		2B041DCA29F3129F005127C7 /* Util */ = {
			isa = PBXGroup;
			children = (
				2B041DCB29F312CF005127C7 /* LottieView.swift */,
				2B041DD729F31770005127C7 /* Extensions.swift */,
				2B4C790629F42725007F7351 /* Constants.swift */,
				2BB4D65329F580DC00BD1FCF /* Currencies.swift */,
				2BAE02ED29F68EB100A8F977 /* WebView.swift */,
				2B3B789C29F7529800FB3AEB /* Languages.swift */,
				2B3B789E29F759F500FB3AEB /* Shimmering.swift */,
				2B3B78A029F75A2900FB3AEB /* RedactAndShimmerViewModifier.swift */,
			);
			path = Util;
			sourceTree = "<group>";
		};
		2B041DD329F3161E005127C7 /* Fonts */ = {
			isa = PBXGroup;
			children = (
				2B041DD429F3165F005127C7 /* Library3amsoft.otf */,
			);
			path = Fonts;
			sourceTree = "<group>";
		};
		2B041DD929F31B2F005127C7 /* Tabbar */ = {
			isa = PBXGroup;
			children = (
				2B041DDE29F31BB2005127C7 /* TabbarUIView.swift */,
			);
			path = Tabbar;
			sourceTree = "<group>";
		};
		2B041DDA29F31B5D005127C7 /* Home */ = {
			isa = PBXGroup;
			children = (
				2B041DE029F31C25005127C7 /* HomePage.swift */,
				2BB4D65529F5828700BD1FCF /* HomeViewModel.swift */,
			);
			path = Home;
			sourceTree = "<group>";
		};
		2B041DDB29F31B64005127C7 /* News */ = {
			isa = PBXGroup;
			children = (
				2B3B78A329F76FDD00FB3AEB /* details */,
				2B3B78A229F76FD600FB3AEB /* list */,
			);
			path = News;
			sourceTree = "<group>";
		};
		2B041DDC29F31B6C005127C7 /* Favorites */ = {
			isa = PBXGroup;
			children = (
				2B041DE429F31CFD005127C7 /* FavoritesPage.swift */,
			);
			path = Favorites;
			sourceTree = "<group>";
		};
		2B041DDD29F31B7C005127C7 /* Info */ = {
			isa = PBXGroup;
			children = (
				2B041DE629F31D08005127C7 /* InfoPage.swift */,
			);
			path = Info;
			sourceTree = "<group>";
		};
		2B3B78A229F76FD600FB3AEB /* list */ = {
			isa = PBXGroup;
			children = (
				2B041DE229F31CF0005127C7 /* NewsPage.swift */,
				2B3B789A29F741C800FB3AEB /* NewsViewModel.swift */,
			);
			path = list;
			sourceTree = "<group>";
		};
		2B3B78A329F76FDD00FB3AEB /* details */ = {
			isa = PBXGroup;
			children = (
				2B3B78A429F76FF500FB3AEB /* NewsDetailsPage.swift */,
				2B3B78A629F7700D00FB3AEB /* NewsDetailsViewModel.swift */,
			);
			path = details;
			sourceTree = "<group>";
		};
/* End PBXGroup section */

/* Begin PBXNativeTarget section */
		2B041D8629F30AA2005127C7 /* CryptoVault */ = {
			isa = PBXNativeTarget;
			buildConfigurationList = 2B041DAB29F30AA4005127C7 /* Build configuration list for PBXNativeTarget "CryptoVault" */;
			buildPhases = (
				2B041D8329F30AA2005127C7 /* Sources */,
				2B041D8429F30AA2005127C7 /* Frameworks */,
				2B041D8529F30AA2005127C7 /* Resources */,
			);
			buildRules = (
			);
			dependencies = (
			);
			name = CryptoVault;
			packageProductDependencies = (
				2B041DBA29F310D6005127C7 /* Kingfisher */,
				2B041DBD29F310E7005127C7 /* Alamofire */,
				2B041DD129F3149B005127C7 /* Lottie */,
				2BAE02F029F6905D00A8F977 /* WaterfallGrid */,
			);
			productName = CryptoVault;
			productReference = 2B041D8729F30AA2005127C7 /* CryptoVault.app */;
			productType = "com.apple.product-type.application";
		};
		2B041D9629F30AA4005127C7 /* CryptoVaultTests */ = {
			isa = PBXNativeTarget;
			buildConfigurationList = 2B041DAE29F30AA4005127C7 /* Build configuration list for PBXNativeTarget "CryptoVaultTests" */;
			buildPhases = (
				2B041D9329F30AA4005127C7 /* Sources */,
				2B041D9429F30AA4005127C7 /* Frameworks */,
				2B041D9529F30AA4005127C7 /* Resources */,
			);
			buildRules = (
			);
			dependencies = (
				2B041D9929F30AA4005127C7 /* PBXTargetDependency */,
			);
			name = CryptoVaultTests;
			productName = CryptoVaultTests;
			productReference = 2B041D9729F30AA4005127C7 /* CryptoVaultTests.xctest */;
			productType = "com.apple.product-type.bundle.unit-test";
		};
		2B041DA029F30AA4005127C7 /* CryptoVaultUITests */ = {
			isa = PBXNativeTarget;
			buildConfigurationList = 2B041DB129F30AA4005127C7 /* Build configuration list for PBXNativeTarget "CryptoVaultUITests" */;
			buildPhases = (
				2B041D9D29F30AA4005127C7 /* Sources */,
				2B041D9E29F30AA4005127C7 /* Frameworks */,
				2B041D9F29F30AA4005127C7 /* Resources */,
			);
			buildRules = (
			);
			dependencies = (
				2B041DA329F30AA4005127C7 /* PBXTargetDependency */,
			);
			name = CryptoVaultUITests;
			productName = CryptoVaultUITests;
			productReference = 2B041DA129F30AA4005127C7 /* CryptoVaultUITests.xctest */;
			productType = "com.apple.product-type.bundle.ui-testing";
		};
/* End PBXNativeTarget section */

/* Begin PBXProject section */
		2B041D7F29F30AA2005127C7 /* Project object */ = {
			isa = PBXProject;
			attributes = {
				BuildIndependentTargetsInParallel = 1;
				LastSwiftUpdateCheck = 1420;
				LastUpgradeCheck = 1420;
				TargetAttributes = {
					2B041D8629F30AA2005127C7 = {
						CreatedOnToolsVersion = 14.2;
					};
					2B041D9629F30AA4005127C7 = {
						CreatedOnToolsVersion = 14.2;
						TestTargetID = 2B041D8629F30AA2005127C7;
					};
					2B041DA029F30AA4005127C7 = {
						CreatedOnToolsVersion = 14.2;
						TestTargetID = 2B041D8629F30AA2005127C7;
					};
				};
			};
			buildConfigurationList = 2B041D8229F30AA2005127C7 /* Build configuration list for PBXProject "CryptoVault" */;
			compatibilityVersion = "Xcode 14.0";
			developmentRegion = en;
			hasScannedForEncodings = 0;
			knownRegions = (
				en,
				Base,
			);
			mainGroup = 2B041D7E29F30AA2005127C7;
			packageReferences = (
				2B041DB929F310D6005127C7 /* XCRemoteSwiftPackageReference "Kingfisher" */,
				2B041DBC29F310E7005127C7 /* XCRemoteSwiftPackageReference "Alamofire" */,
				2B041DD029F3149B005127C7 /* XCRemoteSwiftPackageReference "lottie-ios" */,
				2BAE02EF29F6905D00A8F977 /* XCRemoteSwiftPackageReference "WaterfallGrid" */,
			);
			productRefGroup = 2B041D8829F30AA2005127C7 /* Products */;
			projectDirPath = "";
			projectRoot = "";
			targets = (
				2B041D8629F30AA2005127C7 /* CryptoVault */,
				2B041D9629F30AA4005127C7 /* CryptoVaultTests */,
				2B041DA029F30AA4005127C7 /* CryptoVaultUITests */,
			);
		};
/* End PBXProject section */

/* Begin PBXResourcesBuildPhase section */
		2B041D8529F30AA2005127C7 /* Resources */ = {
			isa = PBXResourcesBuildPhase;
			buildActionMask = 2147483647;
			files = (
				2B041DC929F3124D005127C7 /* anim_splashcrypto.json in Resources */,
				2B041D9229F30AA4005127C7 /* Preview Assets.xcassets in Resources */,
				2B041D8F29F30AA4005127C7 /* Assets.xcassets in Resources */,
				2B041DD529F3165F005127C7 /* Library3amsoft.otf in Resources */,
			);
			runOnlyForDeploymentPostprocessing = 0;
		};
		2B041D9529F30AA4005127C7 /* Resources */ = {
			isa = PBXResourcesBuildPhase;
			buildActionMask = 2147483647;
			files = (
			);
			runOnlyForDeploymentPostprocessing = 0;
		};
		2B041D9F29F30AA4005127C7 /* Resources */ = {
			isa = PBXResourcesBuildPhase;
			buildActionMask = 2147483647;
			files = (
			);
			runOnlyForDeploymentPostprocessing = 0;
		};
/* End PBXResourcesBuildPhase section */

/* Begin PBXSourcesBuildPhase section */
		2B041D8329F30AA2005127C7 /* Sources */ = {
			isa = PBXSourcesBuildPhase;
			buildActionMask = 2147483647;
			files = (
				2B041D8B29F30AA2005127C7 /* CryptoVaultApp.swift in Sources */,
				2B3B789B29F741C800FB3AEB /* NewsViewModel.swift in Sources */,
				2BAE02EE29F68EB100A8F977 /* WebView.swift in Sources */,
				2B041DD829F31770005127C7 /* Extensions.swift in Sources */,
				2B041DC629F31190005127C7 /* Service.swift in Sources */,
				2B041DCC29F312CF005127C7 /* LottieView.swift in Sources */,
				2B041DE329F31CF0005127C7 /* NewsPage.swift in Sources */,
				2B041DE729F31D08005127C7 /* InfoPage.swift in Sources */,
				2B3B78A129F75A2900FB3AEB /* RedactAndShimmerViewModifier.swift in Sources */,
				2B3B789D29F7529800FB3AEB /* Languages.swift in Sources */,
				2B041DDF29F31BB2005127C7 /* TabbarUIView.swift in Sources */,
				2B3B78A729F7700D00FB3AEB /* NewsDetailsViewModel.swift in Sources */,
				2B041DE529F31CFD005127C7 /* FavoritesPage.swift in Sources */,
				2BB4D65429F580DC00BD1FCF /* Currencies.swift in Sources */,
				2B041DE129F31C25005127C7 /* HomePage.swift in Sources */,
				2B041DB829F30FEA005127C7 /* SplashUIView.swift in Sources */,
				2B3B789F29F759F500FB3AEB /* Shimmering.swift in Sources */,
				2B3B78A529F76FF500FB3AEB /* NewsDetailsPage.swift in Sources */,
				2B041DC429F31159005127C7 /* NetworkErrorModel.swift in Sources */,
				2B3B789929F73FC900FB3AEB /* NewsModel.swift in Sources */,
				2BB4D65229F57EEC00BD1FCF /* CryptoMarketModel.swift in Sources */,
				2BB4D65629F5828700BD1FCF /* HomeViewModel.swift in Sources */,
				2B4C790729F42725007F7351 /* Constants.swift in Sources */,
			);
			runOnlyForDeploymentPostprocessing = 0;
		};
		2B041D9329F30AA4005127C7 /* Sources */ = {
			isa = PBXSourcesBuildPhase;
			buildActionMask = 2147483647;
			files = (
				2B041D9C29F30AA4005127C7 /* CryptoVaultTests.swift in Sources */,
			);
			runOnlyForDeploymentPostprocessing = 0;
		};
		2B041D9D29F30AA4005127C7 /* Sources */ = {
			isa = PBXSourcesBuildPhase;
			buildActionMask = 2147483647;
			files = (
				2B041DA829F30AA4005127C7 /* CryptoVaultUITestsLaunchTests.swift in Sources */,
				2B041DA629F30AA4005127C7 /* CryptoVaultUITests.swift in Sources */,
			);
			runOnlyForDeploymentPostprocessing = 0;
		};
/* End PBXSourcesBuildPhase section */

/* Begin PBXTargetDependency section */
		2B041D9929F30AA4005127C7 /* PBXTargetDependency */ = {
			isa = PBXTargetDependency;
			target = 2B041D8629F30AA2005127C7 /* CryptoVault */;
			targetProxy = 2B041D9829F30AA4005127C7 /* PBXContainerItemProxy */;
		};
		2B041DA329F30AA4005127C7 /* PBXTargetDependency */ = {
			isa = PBXTargetDependency;
			target = 2B041D8629F30AA2005127C7 /* CryptoVault */;
			targetProxy = 2B041DA229F30AA4005127C7 /* PBXContainerItemProxy */;
		};
/* End PBXTargetDependency section */

/* Begin XCBuildConfiguration section */
		2B041DA929F30AA4005127C7 /* Debug */ = {
			isa = XCBuildConfiguration;
			buildSettings = {
				ALWAYS_SEARCH_USER_PATHS = NO;
				CLANG_ANALYZER_NONNULL = YES;
				CLANG_ANALYZER_NUMBER_OBJECT_CONVERSION = YES_AGGRESSIVE;
				CLANG_CXX_LANGUAGE_STANDARD = "gnu++20";
				CLANG_ENABLE_MODULES = YES;
				CLANG_ENABLE_OBJC_ARC = YES;
				CLANG_ENABLE_OBJC_WEAK = YES;
				CLANG_WARN_BLOCK_CAPTURE_AUTORELEASING = YES;
				CLANG_WARN_BOOL_CONVERSION = YES;
				CLANG_WARN_COMMA = YES;
				CLANG_WARN_CONSTANT_CONVERSION = YES;
				CLANG_WARN_DEPRECATED_OBJC_IMPLEMENTATIONS = YES;
				CLANG_WARN_DIRECT_OBJC_ISA_USAGE = YES_ERROR;
				CLANG_WARN_DOCUMENTATION_COMMENTS = YES;
				CLANG_WARN_EMPTY_BODY = YES;
				CLANG_WARN_ENUM_CONVERSION = YES;
				CLANG_WARN_INFINITE_RECURSION = YES;
				CLANG_WARN_INT_CONVERSION = YES;
				CLANG_WARN_NON_LITERAL_NULL_CONVERSION = YES;
				CLANG_WARN_OBJC_IMPLICIT_RETAIN_SELF = YES;
				CLANG_WARN_OBJC_LITERAL_CONVERSION = YES;
				CLANG_WARN_OBJC_ROOT_CLASS = YES_ERROR;
				CLANG_WARN_QUOTED_INCLUDE_IN_FRAMEWORK_HEADER = YES;
				CLANG_WARN_RANGE_LOOP_ANALYSIS = YES;
				CLANG_WARN_STRICT_PROTOTYPES = YES;
				CLANG_WARN_SUSPICIOUS_MOVE = YES;
				CLANG_WARN_UNGUARDED_AVAILABILITY = YES_AGGRESSIVE;
				CLANG_WARN_UNREACHABLE_CODE = YES;
				CLANG_WARN__DUPLICATE_METHOD_MATCH = YES;
				COPY_PHASE_STRIP = NO;
				DEBUG_INFORMATION_FORMAT = dwarf;
				ENABLE_STRICT_OBJC_MSGSEND = YES;
				ENABLE_TESTABILITY = YES;
				GCC_C_LANGUAGE_STANDARD = gnu11;
				GCC_DYNAMIC_NO_PIC = NO;
				GCC_NO_COMMON_BLOCKS = YES;
				GCC_OPTIMIZATION_LEVEL = 0;
				GCC_PREPROCESSOR_DEFINITIONS = (
					"DEBUG=1",
					"$(inherited)",
				);
				GCC_WARN_64_TO_32_BIT_CONVERSION = YES;
				GCC_WARN_ABOUT_RETURN_TYPE = YES_ERROR;
				GCC_WARN_UNDECLARED_SELECTOR = YES;
				GCC_WARN_UNINITIALIZED_AUTOS = YES_AGGRESSIVE;
				GCC_WARN_UNUSED_FUNCTION = YES;
				GCC_WARN_UNUSED_VARIABLE = YES;
				IPHONEOS_DEPLOYMENT_TARGET = 16.2;
				MTL_ENABLE_DEBUG_INFO = INCLUDE_SOURCE;
				MTL_FAST_MATH = YES;
				ONLY_ACTIVE_ARCH = YES;
				SDKROOT = iphoneos;
				SWIFT_ACTIVE_COMPILATION_CONDITIONS = DEBUG;
				SWIFT_OPTIMIZATION_LEVEL = "-Onone";
			};
			name = Debug;
		};
		2B041DAA29F30AA4005127C7 /* Release */ = {
			isa = XCBuildConfiguration;
			buildSettings = {
				ALWAYS_SEARCH_USER_PATHS = NO;
				CLANG_ANALYZER_NONNULL = YES;
				CLANG_ANALYZER_NUMBER_OBJECT_CONVERSION = YES_AGGRESSIVE;
				CLANG_CXX_LANGUAGE_STANDARD = "gnu++20";
				CLANG_ENABLE_MODULES = YES;
				CLANG_ENABLE_OBJC_ARC = YES;
				CLANG_ENABLE_OBJC_WEAK = YES;
				CLANG_WARN_BLOCK_CAPTURE_AUTORELEASING = YES;
				CLANG_WARN_BOOL_CONVERSION = YES;
				CLANG_WARN_COMMA = YES;
				CLANG_WARN_CONSTANT_CONVERSION = YES;
				CLANG_WARN_DEPRECATED_OBJC_IMPLEMENTATIONS = YES;
				CLANG_WARN_DIRECT_OBJC_ISA_USAGE = YES_ERROR;
				CLANG_WARN_DOCUMENTATION_COMMENTS = YES;
				CLANG_WARN_EMPTY_BODY = YES;
				CLANG_WARN_ENUM_CONVERSION = YES;
				CLANG_WARN_INFINITE_RECURSION = YES;
				CLANG_WARN_INT_CONVERSION = YES;
				CLANG_WARN_NON_LITERAL_NULL_CONVERSION = YES;
				CLANG_WARN_OBJC_IMPLICIT_RETAIN_SELF = YES;
				CLANG_WARN_OBJC_LITERAL_CONVERSION = YES;
				CLANG_WARN_OBJC_ROOT_CLASS = YES_ERROR;
				CLANG_WARN_QUOTED_INCLUDE_IN_FRAMEWORK_HEADER = YES;
				CLANG_WARN_RANGE_LOOP_ANALYSIS = YES;
				CLANG_WARN_STRICT_PROTOTYPES = YES;
				CLANG_WARN_SUSPICIOUS_MOVE = YES;
				CLANG_WARN_UNGUARDED_AVAILABILITY = YES_AGGRESSIVE;
				CLANG_WARN_UNREACHABLE_CODE = YES;
				CLANG_WARN__DUPLICATE_METHOD_MATCH = YES;
				COPY_PHASE_STRIP = NO;
				DEBUG_INFORMATION_FORMAT = "dwarf-with-dsym";
				ENABLE_NS_ASSERTIONS = NO;
				ENABLE_STRICT_OBJC_MSGSEND = YES;
				GCC_C_LANGUAGE_STANDARD = gnu11;
				GCC_NO_COMMON_BLOCKS = YES;
				GCC_WARN_64_TO_32_BIT_CONVERSION = YES;
				GCC_WARN_ABOUT_RETURN_TYPE = YES_ERROR;
				GCC_WARN_UNDECLARED_SELECTOR = YES;
				GCC_WARN_UNINITIALIZED_AUTOS = YES_AGGRESSIVE;
				GCC_WARN_UNUSED_FUNCTION = YES;
				GCC_WARN_UNUSED_VARIABLE = YES;
				IPHONEOS_DEPLOYMENT_TARGET = 16.2;
				MTL_ENABLE_DEBUG_INFO = NO;
				MTL_FAST_MATH = YES;
				SDKROOT = iphoneos;
				SWIFT_COMPILATION_MODE = wholemodule;
				SWIFT_OPTIMIZATION_LEVEL = "-O";
				VALIDATE_PRODUCT = YES;
			};
			name = Release;
		};
		2B041DAC29F30AA4005127C7 /* Debug */ = {
			isa = XCBuildConfiguration;
			buildSettings = {
				ASSETCATALOG_COMPILER_APPICON_NAME = AppIcon;
				ASSETCATALOG_COMPILER_GLOBAL_ACCENT_COLOR_NAME = AccentColor;
				CODE_SIGN_STYLE = Automatic;
				CURRENT_PROJECT_VERSION = 1;
				DEVELOPMENT_ASSET_PATHS = "\"CryptoVault/Preview Content\"";
				DEVELOPMENT_TEAM = J77597ZZ4K;
				ENABLE_PREVIEWS = YES;
				GENERATE_INFOPLIST_FILE = YES;
				INFOPLIST_FILE = CryptoVault/Info.plist;
				INFOPLIST_KEY_CFBundleDisplayName = "Crypto Vault";
				INFOPLIST_KEY_LSApplicationCategoryType = "public.app-category.finance";
				INFOPLIST_KEY_UIApplicationSceneManifest_Generation = YES;
				INFOPLIST_KEY_UIApplicationSupportsIndirectInputEvents = YES;
				INFOPLIST_KEY_UILaunchScreen_Generation = YES;
				INFOPLIST_KEY_UISupportedInterfaceOrientations = UIInterfaceOrientationPortrait;
				IPHONEOS_DEPLOYMENT_TARGET = 15.0;
				LD_RUNPATH_SEARCH_PATHS = (
					"$(inherited)",
					"@executable_path/Frameworks",
				);
				MARKETING_VERSION = 1.0;
				PRODUCT_BUNDLE_IDENTIFIER = com.haznedar.CryptoVault;
				PRODUCT_NAME = "$(TARGET_NAME)";
				SUPPORTED_PLATFORMS = "iphoneos iphonesimulator";
				SUPPORTS_MACCATALYST = NO;
				SUPPORTS_MAC_DESIGNED_FOR_IPHONE_IPAD = NO;
				SWIFT_EMIT_LOC_STRINGS = YES;
				SWIFT_VERSION = 5.0;
				TARGETED_DEVICE_FAMILY = "1,2";
			};
			name = Debug;
		};
		2B041DAD29F30AA4005127C7 /* Release */ = {
			isa = XCBuildConfiguration;
			buildSettings = {
				ASSETCATALOG_COMPILER_APPICON_NAME = AppIcon;
				ASSETCATALOG_COMPILER_GLOBAL_ACCENT_COLOR_NAME = AccentColor;
				CODE_SIGN_STYLE = Automatic;
				CURRENT_PROJECT_VERSION = 1;
				DEVELOPMENT_ASSET_PATHS = "\"CryptoVault/Preview Content\"";
				DEVELOPMENT_TEAM = J77597ZZ4K;
				ENABLE_PREVIEWS = YES;
				GENERATE_INFOPLIST_FILE = YES;
				INFOPLIST_FILE = CryptoVault/Info.plist;
				INFOPLIST_KEY_CFBundleDisplayName = "Crypto Vault";
				INFOPLIST_KEY_LSApplicationCategoryType = "public.app-category.finance";
				INFOPLIST_KEY_UIApplicationSceneManifest_Generation = YES;
				INFOPLIST_KEY_UIApplicationSupportsIndirectInputEvents = YES;
				INFOPLIST_KEY_UILaunchScreen_Generation = YES;
				INFOPLIST_KEY_UISupportedInterfaceOrientations = UIInterfaceOrientationPortrait;
				IPHONEOS_DEPLOYMENT_TARGET = 15.0;
				LD_RUNPATH_SEARCH_PATHS = (
					"$(inherited)",
					"@executable_path/Frameworks",
				);
				MARKETING_VERSION = 1.0;
				PRODUCT_BUNDLE_IDENTIFIER = com.haznedar.CryptoVault;
				PRODUCT_NAME = "$(TARGET_NAME)";
				SUPPORTED_PLATFORMS = "iphoneos iphonesimulator";
				SUPPORTS_MACCATALYST = NO;
				SUPPORTS_MAC_DESIGNED_FOR_IPHONE_IPAD = NO;
				SWIFT_EMIT_LOC_STRINGS = YES;
				SWIFT_VERSION = 5.0;
				TARGETED_DEVICE_FAMILY = "1,2";
			};
			name = Release;
		};
		2B041DAF29F30AA4005127C7 /* Debug */ = {
			isa = XCBuildConfiguration;
			buildSettings = {
				ALWAYS_EMBED_SWIFT_STANDARD_LIBRARIES = YES;
				BUNDLE_LOADER = "$(TEST_HOST)";
				CODE_SIGN_STYLE = Automatic;
				CURRENT_PROJECT_VERSION = 1;
				DEVELOPMENT_TEAM = J77597ZZ4K;
				GENERATE_INFOPLIST_FILE = YES;
				IPHONEOS_DEPLOYMENT_TARGET = 16.2;
				MARKETING_VERSION = 1.0;
				PRODUCT_BUNDLE_IDENTIFIER = com.haznedar.CryptoVaultTests;
				PRODUCT_NAME = "$(TARGET_NAME)";
				SWIFT_EMIT_LOC_STRINGS = NO;
				SWIFT_VERSION = 5.0;
				TARGETED_DEVICE_FAMILY = "1,2";
				TEST_HOST = "$(BUILT_PRODUCTS_DIR)/CryptoVault.app/$(BUNDLE_EXECUTABLE_FOLDER_PATH)/CryptoVault";
			};
			name = Debug;
		};
		2B041DB029F30AA4005127C7 /* Release */ = {
			isa = XCBuildConfiguration;
			buildSettings = {
				ALWAYS_EMBED_SWIFT_STANDARD_LIBRARIES = YES;
				BUNDLE_LOADER = "$(TEST_HOST)";
				CODE_SIGN_STYLE = Automatic;
				CURRENT_PROJECT_VERSION = 1;
				DEVELOPMENT_TEAM = J77597ZZ4K;
				GENERATE_INFOPLIST_FILE = YES;
				IPHONEOS_DEPLOYMENT_TARGET = 16.2;
				MARKETING_VERSION = 1.0;
				PRODUCT_BUNDLE_IDENTIFIER = com.haznedar.CryptoVaultTests;
				PRODUCT_NAME = "$(TARGET_NAME)";
				SWIFT_EMIT_LOC_STRINGS = NO;
				SWIFT_VERSION = 5.0;
				TARGETED_DEVICE_FAMILY = "1,2";
				TEST_HOST = "$(BUILT_PRODUCTS_DIR)/CryptoVault.app/$(BUNDLE_EXECUTABLE_FOLDER_PATH)/CryptoVault";
			};
			name = Release;
		};
		2B041DB229F30AA4005127C7 /* Debug */ = {
			isa = XCBuildConfiguration;
			buildSettings = {
				ALWAYS_EMBED_SWIFT_STANDARD_LIBRARIES = YES;
				CODE_SIGN_STYLE = Automatic;
				CURRENT_PROJECT_VERSION = 1;
				DEVELOPMENT_TEAM = J77597ZZ4K;
				GENERATE_INFOPLIST_FILE = YES;
				MARKETING_VERSION = 1.0;
				PRODUCT_BUNDLE_IDENTIFIER = com.haznedar.CryptoVaultUITests;
				PRODUCT_NAME = "$(TARGET_NAME)";
				SWIFT_EMIT_LOC_STRINGS = NO;
				SWIFT_VERSION = 5.0;
				TARGETED_DEVICE_FAMILY = "1,2";
				TEST_TARGET_NAME = CryptoVault;
			};
			name = Debug;
		};
		2B041DB329F30AA4005127C7 /* Release */ = {
			isa = XCBuildConfiguration;
			buildSettings = {
				ALWAYS_EMBED_SWIFT_STANDARD_LIBRARIES = YES;
				CODE_SIGN_STYLE = Automatic;
				CURRENT_PROJECT_VERSION = 1;
				DEVELOPMENT_TEAM = J77597ZZ4K;
				GENERATE_INFOPLIST_FILE = YES;
				MARKETING_VERSION = 1.0;
				PRODUCT_BUNDLE_IDENTIFIER = com.haznedar.CryptoVaultUITests;
				PRODUCT_NAME = "$(TARGET_NAME)";
				SWIFT_EMIT_LOC_STRINGS = NO;
				SWIFT_VERSION = 5.0;
				TARGETED_DEVICE_FAMILY = "1,2";
				TEST_TARGET_NAME = CryptoVault;
			};
			name = Release;
		};
/* End XCBuildConfiguration section */

/* Begin XCConfigurationList section */
		2B041D8229F30AA2005127C7 /* Build configuration list for PBXProject "CryptoVault" */ = {
			isa = XCConfigurationList;
			buildConfigurations = (
				2B041DA929F30AA4005127C7 /* Debug */,
				2B041DAA29F30AA4005127C7 /* Release */,
			);
			defaultConfigurationIsVisible = 0;
			defaultConfigurationName = Release;
		};
		2B041DAB29F30AA4005127C7 /* Build configuration list for PBXNativeTarget "CryptoVault" */ = {
			isa = XCConfigurationList;
			buildConfigurations = (
				2B041DAC29F30AA4005127C7 /* Debug */,
				2B041DAD29F30AA4005127C7 /* Release */,
			);
			defaultConfigurationIsVisible = 0;
			defaultConfigurationName = Release;
		};
		2B041DAE29F30AA4005127C7 /* Build configuration list for PBXNativeTarget "CryptoVaultTests" */ = {
			isa = XCConfigurationList;
			buildConfigurations = (
				2B041DAF29F30AA4005127C7 /* Debug */,
				2B041DB029F30AA4005127C7 /* Release */,
			);
			defaultConfigurationIsVisible = 0;
			defaultConfigurationName = Release;
		};
		2B041DB129F30AA4005127C7 /* Build configuration list for PBXNativeTarget "CryptoVaultUITests" */ = {
			isa = XCConfigurationList;
			buildConfigurations = (
				2B041DB229F30AA4005127C7 /* Debug */,
				2B041DB329F30AA4005127C7 /* Release */,
			);
			defaultConfigurationIsVisible = 0;
			defaultConfigurationName = Release;
		};
/* End XCConfigurationList section */

/* Begin XCRemoteSwiftPackageReference section */
		2B041DB929F310D6005127C7 /* XCRemoteSwiftPackageReference "Kingfisher" */ = {
			isa = XCRemoteSwiftPackageReference;
			repositoryURL = "https://github.com/onevcat/Kingfisher";
			requirement = {
				kind = upToNextMajorVersion;
				minimumVersion = 7.0.0;
			};
		};
		2B041DBC29F310E7005127C7 /* XCRemoteSwiftPackageReference "Alamofire" */ = {
			isa = XCRemoteSwiftPackageReference;
			repositoryURL = "https://github.com/Alamofire/Alamofire";
			requirement = {
				branch = master;
				kind = branch;
			};
		};
		2B041DD029F3149B005127C7 /* XCRemoteSwiftPackageReference "lottie-ios" */ = {
			isa = XCRemoteSwiftPackageReference;
			repositoryURL = "https://github.com/airbnb/lottie-ios";
			requirement = {
				kind = exactVersion;
				version = 3.5.0;
			};
		};
		2BAE02EF29F6905D00A8F977 /* XCRemoteSwiftPackageReference "WaterfallGrid" */ = {
			isa = XCRemoteSwiftPackageReference;
			repositoryURL = "https://github.com/paololeonardi/WaterfallGrid";
			requirement = {
				kind = upToNextMajorVersion;
				minimumVersion = 1.0.0;
			};
		};
/* End XCRemoteSwiftPackageReference section */

/* Begin XCSwiftPackageProductDependency section */
		2B041DBA29F310D6005127C7 /* Kingfisher */ = {
			isa = XCSwiftPackageProductDependency;
			package = 2B041DB929F310D6005127C7 /* XCRemoteSwiftPackageReference "Kingfisher" */;
			productName = Kingfisher;
		};
		2B041DBD29F310E7005127C7 /* Alamofire */ = {
			isa = XCSwiftPackageProductDependency;
			package = 2B041DBC29F310E7005127C7 /* XCRemoteSwiftPackageReference "Alamofire" */;
			productName = Alamofire;
		};
		2B041DD129F3149B005127C7 /* Lottie */ = {
			isa = XCSwiftPackageProductDependency;
			package = 2B041DD029F3149B005127C7 /* XCRemoteSwiftPackageReference "lottie-ios" */;
			productName = Lottie;
		};
		2BAE02F029F6905D00A8F977 /* WaterfallGrid */ = {
			isa = XCSwiftPackageProductDependency;
			package = 2BAE02EF29F6905D00A8F977 /* XCRemoteSwiftPackageReference "WaterfallGrid" */;
			productName = WaterfallGrid;
		};
/* End XCSwiftPackageProductDependency section */
	};
	rootObject = 2B041D7F29F30AA2005127C7 /* Project object */;
}
